
Microsoft Visual Studio Solution File, Format Version 12.00
# Visual Studio Version 17
VisualStudioVersion = 17.3.32929.385
MinimumVisualStudioVersion = 10.0.40219.1
Project("{9A19103F-16F7-4668-BE54-9A1E7A4F7556}") = "ChatService", "ChatService\ChatService.csproj", "{91F6CC31-56AE-471D-B2B3-2292A2E167CD}"
EndProject
Project("{9A19103F-16F7-4668-BE54-9A1E7A4F7556}") = "ChatServiceTest", "ChatServiceTest\ChatServiceTest.csproj", "{108F385A-6A57-44D3-BDF3-CF2EB9159D87}"
EndProject
Project("{E24C65DC-7377-472B-9ABA-BC803B73C61A}") = "mychat.frontend(1)", "mychat.frontend\", "{E6BBBD74-3118-4187-8728-FF45C33A406B}"
	ProjectSection(WebsiteProperties) = preProject
		TargetFrameworkMoniker = ".NETFramework,Version%3Dv4.0"
		Debug.AspNetCompiler.VirtualPath = "/localhost_52960"
		Debug.AspNetCompiler.PhysicalPath = "mychat.frontend\"
		Debug.AspNetCompiler.TargetPath = "PrecompiledWeb\localhost_52960\"
		Debug.AspNetCompiler.Updateable = "true"
		Debug.AspNetCompiler.ForceOverwrite = "true"
		Debug.AspNetCompiler.FixedNames = "false"
		Debug.AspNetCompiler.Debug = "True"
		Release.AspNetCompiler.VirtualPath = "/localhost_52960"
		Release.AspNetCompiler.PhysicalPath = "mychat.frontend\"
		Release.AspNetCompiler.TargetPath = "PrecompiledWeb\localhost_52960\"
		Release.AspNetCompiler.Updateable = "true"
		Release.AspNetCompiler.ForceOverwrite = "true"
		Release.AspNetCompiler.FixedNames = "false"
		Release.AspNetCompiler.Debug = "False"
		VWDPort = "52960"
		SlnRelativePath = "mychat.frontend\"
	EndProjectSection
EndProject
Global
	GlobalSection(SolutionConfigurationPlatforms) = preSolution
		Debug|Any CPU = Debug|Any CPU
		Release|Any CPU = Release|Any CPU
	EndGlobalSection
	GlobalSection(ProjectConfigurationPlatforms) = postSolution
		{91F6CC31-56AE-471D-B2B3-2292A2E167CD}.Debug|Any CPU.ActiveCfg = Debug|Any CPU
		{91F6CC31-56AE-471D-B2B3-2292A2E167CD}.Debug|Any CPU.Build.0 = Debug|Any CPU
		{91F6CC31-56AE-471D-B2B3-2292A2E167CD}.Release|Any CPU.ActiveCfg = Release|Any CPU
		{91F6CC31-56AE-471D-B2B3-2292A2E167CD}.Release|Any CPU.Build.0 = Release|Any CPU
		{108F385A-6A57-44D3-BDF3-CF2EB9159D87}.Debug|Any CPU.ActiveCfg = Debug|Any CPU
		{108F385A-6A57-44D3-BDF3-CF2EB9159D87}.Debug|Any CPU.Build.0 = Debug|Any CPU
		{108F385A-6A57-44D3-BDF3-CF2EB9159D87}.Release|Any CPU.ActiveCfg = Release|Any CPU
		{108F385A-6A57-44D3-BDF3-CF2EB9159D87}.Release|Any CPU.Build.0 = Release|Any CPU
		{E6BBBD74-3118-4187-8728-FF45C33A406B}.Debug|Any CPU.ActiveCfg = Debug|Any CPU
		{E6BBBD74-3118-4187-8728-FF45C33A406B}.Debug|Any CPU.Build.0 = Debug|Any CPU
		{E6BBBD74-3118-4187-8728-FF45C33A406B}.Release|Any CPU.ActiveCfg = Debug|Any CPU
		{E6BBBD74-3118-4187-8728-FF45C33A406B}.Release|Any CPU.Build.0 = Debug|Any CPU
	EndGlobalSection
	GlobalSection(SolutionProperties) = preSolution
		HideSolutionNode = FALSE
	EndGlobalSection
	GlobalSection(ExtensibilityGlobals) = postSolution
		SolutionGuid = {FDE3E8BA-D152-4799-8F11-27EFAE1B7C9D}
	EndGlobalSection
EndGlobal
